
Microsoft Visual Studio Solution File, Format Version 12.00
# Visual Studio 15
VisualStudioVersion = 15.0.27004.2005
MinimumVisualStudioVersion = 10.0.40219.1
Project("{FAE04EC0-301F-11D3-BF4B-00C04F79EFBC}") = "WebApplication2", "WebApplication2\WebApplication2.csproj", "{D8950DCD-2BC6-4F4A-A8FC-E18CA259E469}"
EndProject
Global
	GlobalSection(SolutionConfigurationPlatforms) = preSolution
		Debug|Any CPU = Debug|Any CPU
		Release|Any CPU = Release|Any CPU
	EndGlobalSection
	GlobalSection(ProjectConfigurationPlatforms) = postSolution
		{D8950DCD-2BC6-4F4A-A8FC-E18CA259E469}.Debug|Any CPU.ActiveCfg = Debug|Any CPU
		{D8950DCD-2BC6-4F4A-A8FC-E18CA259E469}.Debug|Any CPU.Build.0 = Debug|Any CPU
		{D8950DCD-2BC6-4F4A-A8FC-E18CA259E469}.Release|Any CPU.ActiveCfg = Release|Any CPU
		{D8950DCD-2BC6-4F4A-A8FC-E18CA259E469}.Release|Any CPU.Build.0 = Release|Any CPU
	EndGlobalSection
	GlobalSection(SolutionProperties) = preSolution
		HideSolutionNode = FALSE
	EndGlobalSection
	GlobalSection(ExtensibilityGlobals) = postSolution
		SolutionGuid = {11490409-EC44-49CF-B884-BCD00EA70406}
	EndGlobalSection
EndGlobal
